
Microsoft Visual Studio Solution File, Format Version 12.00
# Visual Studio Version 16
VisualStudioVersion = 16.0.30907.101
MinimumVisualStudioVersion = 10.0.40219.1
Project("{FAE04EC0-301F-11D3-BF4B-00C04F79EFBC}") = "BookStroe", "BookStroe.csproj", "{5D9F4E31-3EB5-4743-9513-AD79BC972BE4}"
EndProject
Global
	GlobalSection(SolutionConfigurationPlatforms) = preSolution
		Debug|Any CPU = Debug|Any CPU
		Release|Any CPU = Release|Any CPU
	EndGlobalSection
	GlobalSection(ProjectConfigurationPlatforms) = postSolution
		{5D9F4E31-3EB5-4743-9513-AD79BC972BE4}.Debug|Any CPU.ActiveCfg = Debug|Any CPU
		{5D9F4E31-3EB5-4743-9513-AD79BC972BE4}.Debug|Any CPU.Build.0 = Debug|Any CPU
		{5D9F4E31-3EB5-4743-9513-AD79BC972BE4}.Release|Any CPU.ActiveCfg = Release|Any CPU
		{5D9F4E31-3EB5-4743-9513-AD79BC972BE4}.Release|Any CPU.Build.0 = Release|Any CPU
	EndGlobalSection
	GlobalSection(SolutionProperties) = preSolution
		HideSolutionNode = FALSE
	EndGlobalSection
	GlobalSection(ExtensibilityGlobals) = postSolution
		SolutionGuid = {60D6D67D-E1D5-4CAC-B23F-D0285224FAF7}
	EndGlobalSection
EndGlobal
